// !$*UTF8*$!
{
	archiveVersion = 1;
	classes = {
	};
	objectVersion = 50;
	objects = {

/* Begin PBXBuildFile section */
		DC2A70EF20E12A7F002897D6 /* UScreen+Brightness.swift in Sources */ = {isa = PBXBuildFile; fileRef = DC2A70EE20E12A7F002897D6 /* UScreen+Brightness.swift */; };
		DC39E80420E1293900D2F1FF /* AppDelegate.swift in Sources */ = {isa = PBXBuildFile; fileRef = DC39E80320E1293900D2F1FF /* AppDelegate.swift */; };
		DC39E80620E1293900D2F1FF /* ViewController.swift in Sources */ = {isa = PBXBuildFile; fileRef = DC39E80520E1293900D2F1FF /* ViewController.swift */; };
		DC39E80920E1293900D2F1FF /* Main.storyboard in Resources */ = {isa = PBXBuildFile; fileRef = DC39E80720E1293900D2F1FF /* Main.storyboard */; };
		DC39E80B20E1293A00D2F1FF /* Assets.xcassets in Resources */ = {isa = PBXBuildFile; fileRef = DC39E80A20E1293A00D2F1FF /* Assets.xcassets */; };
		DC39E80E20E1293A00D2F1FF /* LaunchScreen.storyboard in Resources */ = {isa = PBXBuildFile; fileRef = DC39E80C20E1293A00D2F1FF /* LaunchScreen.storyboard */; };
/* End PBXBuildFile section */

/* Begin PBXFileReference section */
		DC2A70EE20E12A7F002897D6 /* UScreen+Brightness.swift */ = {isa = PBXFileReference; lastKnownFileType = sourcecode.swift; path = "UScreen+Brightness.swift"; sourceTree = "<group>"; };
		DC39E80020E1293900D2F1FF /* ControlBrightNess.app */ = {isa = PBXFileReference; explicitFileType = wrapper.application; includeInIndex = 0; path = ControlBrightNess.app; sourceTree = BUILT_PRODUCTS_DIR; };
		DC39E80320E1293900D2F1FF /* AppDelegate.swift */ = {isa = PBXFileReference; lastKnownFileType = sourcecode.swift; path = AppDelegate.swift; sourceTree = "<group>"; };
		DC39E80520E1293900D2F1FF /* ViewController.swift */ = {isa = PBXFileReference; lastKnownFileType = sourcecode.swift; path = ViewController.swift; sourceTree = "<group>"; };
		DC39E80820E1293900D2F1FF /* Base */ = {isa = PBXFileReference; lastKnownFileType = file.storyboard; name = Base; path = Base.lproj/Main.storyboard; sourceTree = "<group>"; };
		DC39E80A20E1293A00D2F1FF /* Assets.xcassets */ = {isa = PBXFileReference; lastKnownFileType = folder.assetcatalog; path = Assets.xcassets; sourceTree = "<group>"; };
		DC39E80D20E1293A00D2F1FF /* Base */ = {isa = PBXFileReference; lastKnownFileType = file.storyboard; name = Base; path = Base.lproj/LaunchScreen.storyboard; sourceTree = "<group>"; };
		DC39E80F20E1293A00D2F1FF /* Info.plist */ = {isa = PBXFileReference; lastKnownFileType = text.plist.xml; path = Info.plist; sourceTree = "<group>"; };
/* End PBXFileReference section */

/* Begin PBXFrameworksBuildPhase section */
		DC39E7FD20E1293900D2F1FF /* Frameworks */ = {
			isa = PBXFrameworksBuildPhase;
			buildActionMask = 2147483647;
			files = (
			);
			runOnlyForDeploymentPostprocessing = 0;
		};
/* End PBXFrameworksBuildPhase section */

/* Begin PBXGroup section */
		DC39E7F720E1293900D2F1FF = {
			isa = PBXGroup;
			children = (
				DC39E80220E1293900D2F1FF /* ControlBrightNess */,
				DC39E80120E1293900D2F1FF /* Products */,
			);
			sourceTree = "<group>";
		};
		DC39E80120E1293900D2F1FF /* Products */ = {
			isa = PBXGroup;
			children = (
				DC39E80020E1293900D2F1FF /* ControlBrightNess.app */,
			);
			name = Products;
			sourceTree = "<group>";
		};
		DC39E80220E1293900D2F1FF /* ControlBrightNess */ = {
			isa = PBXGroup;
			children = (
				DC39E80320E1293900D2F1FF /* AppDelegate.swift */,
				DC2A70EE20E12A7F002897D6 /* UScreen+Brightness.swift */,
				DC39E80520E1293900D2F1FF /* ViewController.swift */,
				DC39E80720E1293900D2F1FF /* Main.storyboard */,
				DC39E80A20E1293A00D2F1FF /* Assets.xcassets */,
				DC39E80C20E1293A00D2F1FF /* LaunchScreen.storyboard */,
				DC39E80F20E1293A00D2F1FF /* Info.plist */,
			);
			path = ControlBrightNess;
			sourceTree = "<group>";
		};
/* End PBXGroup section */

/* Begin PBXNativeTarget section */
		DC39E7FF20E1293900D2F1FF /* ControlBrightNess */ = {
			isa = PBXNativeTarget;
			buildConfigurationList = DC39E81220E1293A00D2F1FF /* Build configuration list for PBXNativeTarget "ControlBrightNess" */;
			buildPhases = (
				DC39E7FC20E1293900D2F1FF /* Sources */,
				DC39E7FD20E1293900D2F1FF /* Frameworks */,
				DC39E7FE20E1293900D2F1FF /* Resources */,
			);
			buildRules = (
			);
			dependencies = (
			);
			name = ControlBrightNess;
			productName = ControlBrightNess;
			productReference = DC39E80020E1293900D2F1FF /* ControlBrightNess.app */;
			productType = "com.apple.product-type.application";
		};
/* End PBXNativeTarget section */

/* Begin PBXProject section */
		DC39E7F820E1293900D2F1FF /* Project object */ = {
			isa = PBXProject;
			attributes = {
				LastSwiftUpdateCheck = 0940;
				LastUpgradeCheck = 0940;
				ORGANIZATIONNAME = AppScullery;
				TargetAttributes = {
					DC39E7FF20E1293900D2F1FF = {
						CreatedOnToolsVersion = 9.4.1;
					};
				};
			};
			buildConfigurationList = DC39E7FB20E1293900D2F1FF /* Build configuration list for PBXProject "ControlBrightNess" */;
			compatibilityVersion = "Xcode 9.3";
			developmentRegion = en;
			hasScannedForEncodings = 0;
			knownRegions = (
				en,
				Base,
			);
			mainGroup = DC39E7F720E1293900D2F1FF;
			productRefGroup = DC39E80120E1293900D2F1FF /* Products */;
			projectDirPath = "";
			projectRoot = "";
			targets = (
				DC39E7FF20E1293900D2F1FF /* ControlBrightNess */,
			);
		};
/* End PBXProject section */

/* Begin PBXResourcesBuildPhase section */
		DC39E7FE20E1293900D2F1FF /* Resources */ = {
			isa = PBXResourcesBuildPhase;
			buildActionMask = 2147483647;
			files = (
				DC39E80E20E1293A00D2F1FF /* LaunchScreen.storyboard in Resources */,
				DC39E80B20E1293A00D2F1FF /* Assets.xcassets in Resources */,
				DC39E80920E1293900D2F1FF /* Main.storyboard in Resources */,
			);
			runOnlyForDeploymentPostprocessing = 0;
		};
/* End PBXResourcesBuildPhase section */

/* Begin PBXSourcesBuildPhase section */
		DC39E7FC20E1293900D2F1FF /* Sources */ = {
			isa = PBXSourcesBuildPhase;
			buildActionMask = 2147483647;
			files = (
				DC39E80620E1293900D2F1FF /* ViewController.swift in Sources */,
				DC39E80420E1293900D2F1FF /* AppDelegate.swift in Sources */,
				DC2A70EF20E12A7F002897D6 /* UScreen+Brightness.swift in Sources */,
			);
			runOnlyForDeploymentPostprocessing = 0;
		};
/* End PBXSourcesBuildPhase section */

/* Begin PBXVariantGroup section */
		DC39E80720E1293900D2F1FF /* Main.storyboard */ = {
			isa = PBXVariantGroup;
			children = (
				DC39E80820E1293900D2F1FF /* Base */,
			);
			name = Main.storyboard;
			sourceTree = "<group>";
		};
		DC39E80C20E1293A00D2F1FF /* LaunchScreen.storyboard */ = {
			isa = PBXVariantGroup;
			children = (
				DC39E80D20E1293A00D2F1FF /* Base */,
			);
			name = LaunchScreen.storyboard;
			sourceTree = "<group>";
		};
/* End PBXVariantGroup section */

/* Begin XCBuildConfiguration section */
		DC39E81020E1293A00D2F1FF /* Debug */ = {
			isa = XCBuildConfiguration;
			buildSettings = {
				ALWAYS_SEARCH_USER_PATHS = NO;
				CLANG_ANALYZER_NONNULL = YES;
				CLANG_ANALYZER_NUMBER_OBJECT_CONVERSION = YES_AGGRESSIVE;
				CLANG_CXX_LANGUAGE_STANDARD = "gnu++14";
				CLANG_CXX_LIBRARY = "libc++";
				CLANG_ENABLE_MODULES = YES;
				CLANG_ENABLE_OBJC_ARC = YES;
				CLANG_ENABLE_OBJC_WEAK = YES;
				CLANG_WARN_BLOCK_CAPTURE_AUTORELEASING = YES;
				CLANG_WARN_BOOL_CONVERSION = YES;
				CLANG_WARN_COMMA = YES;
				CLANG_WARN_CONSTANT_CONVERSION = YES;
				CLANG_WARN_DEPRECATED_OBJC_IMPLEMENTATIONS = YES;
				CLANG_WARN_DIRECT_OBJC_ISA_USAGE = YES_ERROR;
				CLANG_WARN_DOCUMENTATION_COMMENTS = YES;
				CLANG_WARN_EMPTY_BODY = YES;
				CLANG_WARN_ENUM_CONVERSION = YES;
				CLANG_WARN_INFINITE_RECURSION = YES;
				CLANG_WARN_INT_CONVERSION = YES;
				CLANG_WARN_NON_LITERAL_NULL_CONVERSION = YES;
				CLANG_WARN_OBJC_IMPLICIT_RETAIN_SELF = YES;
				CLANG_WARN_OBJC_LITERAL_CONVERSION = YES;
				CLANG_WARN_OBJC_ROOT_CLASS = YES_ERROR;
				CLANG_WARN_RANGE_LOOP_ANALYSIS = YES;
				CLANG_WARN_STRICT_PROTOTYPES = YES;
				CLANG_WARN_SUSPICIOUS_MOVE = YES;
				CLANG_WARN_UNGUARDED_AVAILABILITY = YES_AGGRESSIVE;
				CLANG_WARN_UNREACHABLE_CODE = YES;
				CLANG_WARN__DUPLICATE_METHOD_MATCH = YES;
				CODE_SIGN_IDENTITY = "iPhone Developer";
				COPY_PHASE_STRIP = NO;
				DEBUG_INFORMATION_FORMAT = dwarf;
				ENABLE_STRICT_OBJC_MSGSEND = YES;
				ENABLE_TESTABILITY = YES;
				GCC_C_LANGUAGE_STANDARD = gnu11;
				GCC_DYNAMIC_NO_PIC = NO;
				GCC_NO_COMMON_BLOCKS = YES;
				GCC_OPTIMIZATION_LEVEL = 0;
				GCC_PREPROCESSOR_DEFINITIONS = (
					"DEBUG=1",
					"$(inherited)",
				);
				GCC_WARN_64_TO_32_BIT_CONVERSION = YES;
				GCC_WARN_ABOUT_RETURN_TYPE = YES_ERROR;
				GCC_WARN_UNDECLARED_SELECTOR = YES;
				GCC_WARN_UNINITIALIZED_AUTOS = YES_AGGRESSIVE;
				GCC_WARN_UNUSED_FUNCTION = YES;
				GCC_WARN_UNUSED_VARIABLE = YES;
				IPHONEOS_DEPLOYMENT_TARGET = 11.4;
				MTL_ENABLE_DEBUG_INFO = YES;
				ONLY_ACTIVE_ARCH = YES;
				SDKROOT = iphoneos;
				SWIFT_ACTIVE_COMPILATION_CONDITIONS = DEBUG;
				SWIFT_OPTIMIZATION_LEVEL = "-Onone";
			};
			name = Debug;
		};
		DC39E81120E1293A00D2F1FF /* Release */ = {
			isa = XCBuildConfiguration;
			buildSettings = {
				ALWAYS_SEARCH_USER_PATHS = NO;
				CLANG_ANALYZER_NONNULL = YES;
				CLANG_ANALYZER_NUMBER_OBJECT_CONVERSION = YES_AGGRESSIVE;
				CLANG_CXX_LANGUAGE_STANDARD = "gnu++14";
				CLANG_CXX_LIBRARY = "libc++";
				CLANG_ENABLE_MODULES = YES;
				CLANG_ENABLE_OBJC_ARC = YES;
				CLANG_ENABLE_OBJC_WEAK = YES;
				CLANG_WARN_BLOCK_CAPTURE_AUTORELEASING = YES;
				CLANG_WARN_BOOL_CONVERSION = YES;
				CLANG_WARN_COMMA = YES;
				CLANG_WARN_CONSTANT_CONVERSION = YES;
				CLANG_WARN_DEPRECATED_OBJC_IMPLEMENTATIONS = YES;
				CLANG_WARN_DIRECT_OBJC_ISA_USAGE = YES_ERROR;
				CLANG_WARN_DOCUMENTATION_COMMENTS = YES;
				CLANG_WARN_EMPTY_BODY = YES;
				CLANG_WARN_ENUM_CONVERSION = YES;
				CLANG_WARN_INFINITE_RECURSION = YES;
				CLANG_WARN_INT_CONVERSION = YES;
				CLANG_WARN_NON_LITERAL_NULL_CONVERSION = YES;
				CLANG_WARN_OBJC_IMPLICIT_RETAIN_SELF = YES;
				CLANG_WARN_OBJC_LITERAL_CONVERSION = YES;
				CLANG_WARN_OBJC_ROOT_CLASS = YES_ERROR;
				CLANG_WARN_RANGE_LOOP_ANALYSIS = YES;
				CLANG_WARN_STRICT_PROTOTYPES = YES;
				CLANG_WARN_SUSPICIOUS_MOVE = YES;
				CLANG_WARN_UNGUARDED_AVAILABILITY = YES_AGGRESSIVE;
				CLANG_WARN_UNREACHABLE_CODE = YES;
				CLANG_WARN__DUPLICATE_METHOD_MATCH = YES;
				CODE_SIGN_IDENTITY = "iPhone Developer";
				COPY_PHASE_STRIP = NO;
				DEBUG_INFORMATION_FORMAT = "dwarf-with-dsym";
				ENABLE_NS_ASSERTIONS = NO;
				ENABLE_STRICT_OBJC_MSGSEND = YES;
				GCC_C_LANGUAGE_STANDARD = gnu11;
				GCC_NO_COMMON_BLOCKS = YES;
				GCC_WARN_64_TO_32_BIT_CONVERSION = YES;
				GCC_WARN_ABOUT_RETURN_TYPE = YES_ERROR;
				GCC_WARN_UNDECLARED_SELECTOR = YES;
				GCC_WARN_UNINITIALIZED_AUTOS = YES_AGGRESSIVE;
				GCC_WARN_UNUSED_FUNCTION = YES;
				GCC_WARN_UNUSED_VARIABLE = YES;
				IPHONEOS_DEPLOYMENT_TARGET = 11.4;
				MTL_ENABLE_DEBUG_INFO = NO;
				SDKROOT = iphoneos;
				SWIFT_COMPILATION_MODE = wholemodule;
				SWIFT_OPTIMIZATION_LEVEL = "-O";
				VALIDATE_PRODUCT = YES;
			};
			name = Release;
		};
		DC39E81320E1293A00D2F1FF /* Debug */ = {
			isa = XCBuildConfiguration;
			buildSettings = {
				ASSETCATALOG_COMPILER_APPICON_NAME = AppIcon;
				CODE_SIGN_STYLE = Automatic;
				DEVELOPMENT_TEAM = MTG5H5R2SL;
				INFOPLIST_FILE = ControlBrightNess/Info.plist;
				LD_RUNPATH_SEARCH_PATHS = (
					"$(inherited)",
					"@executable_path/Frameworks",
				);
				PRODUCT_BUNDLE_IDENTIFIER = com.appscullery.ControlBrightNess;
				PRODUCT_NAME = "$(TARGET_NAME)";
				SWIFT_VERSION = 4.0;
				TARGETED_DEVICE_FAMILY = "1,2";
			};
			name = Debug;
		};
		DC39E81420E1293A00D2F1FF /* Release */ = {
			isa = XCBuildConfiguration;
			buildSettings = {
				ASSETCATALOG_COMPILER_APPICON_NAME = AppIcon;
				CODE_SIGN_STYLE = Automatic;
				DEVELOPMENT_TEAM = MTG5H5R2SL;
				INFOPLIST_FILE = ControlBrightNess/Info.plist;
				LD_RUNPATH_SEARCH_PATHS = (
					"$(inherited)",
					"@executable_path/Frameworks",
				);
				PRODUCT_BUNDLE_IDENTIFIER = com.appscullery.ControlBrightNess;
				PRODUCT_NAME = "$(TARGET_NAME)";
				SWIFT_VERSION = 4.0;
				TARGETED_DEVICE_FAMILY = "1,2";
			};
			name = Release;
		};
/* End XCBuildConfiguration section */

/* Begin XCConfigurationList section */
		DC39E7FB20E1293900D2F1FF /* Build configuration list for PBXProject "ControlBrightNess" */ = {
			isa = XCConfigurationList;
			buildConfigurations = (
				DC39E81020E1293A00D2F1FF /* Debug */,
				DC39E81120E1293A00D2F1FF /* Release */,
			);
			defaultConfigurationIsVisible = 0;
			defaultConfigurationName = Release;
		};
		DC39E81220E1293A00D2F1FF /* Build configuration list for PBXNativeTarget "ControlBrightNess" */ = {
			isa = XCConfigurationList;
			buildConfigurations = (
				DC39E81320E1293A00D2F1FF /* Debug */,
				DC39E81420E1293A00D2F1FF /* Release */,
			);
			defaultConfigurationIsVisible = 0;
			defaultConfigurationName = Release;
		};
/* End XCConfigurationList section */
	};
	rootObject = DC39E7F820E1293900D2F1FF /* Project object */;
}
